
Microsoft Visual Studio Solution File, Format Version 12.00
# Visual Studio Version 16
VisualStudioVersion = 16.0.30011.22
MinimumVisualStudioVersion = 10.0.40219.1
Project("{FAE04EC0-301F-11D3-BF4B-00C04F79EFBC}") = "BookStore-API", "BookStore-API\BookStore-API.csproj", "{B4F1228E-EFA0-4C6C-9A1F-B973FCFAA3F1}"
EndProject
Global
	GlobalSection(SolutionConfigurationPlatforms) = preSolution
		Debug|Any CPU = Debug|Any CPU
		Release|Any CPU = Release|Any CPU
	EndGlobalSection
	GlobalSection(ProjectConfigurationPlatforms) = postSolution
		{B4F1228E-EFA0-4C6C-9A1F-B973FCFAA3F1}.Debug|Any CPU.ActiveCfg = Debug|Any CPU
		{B4F1228E-EFA0-4C6C-9A1F-B973FCFAA3F1}.Debug|Any CPU.Build.0 = Debug|Any CPU
		{B4F1228E-EFA0-4C6C-9A1F-B973FCFAA3F1}.Release|Any CPU.ActiveCfg = Release|Any CPU
		{B4F1228E-EFA0-4C6C-9A1F-B973FCFAA3F1}.Release|Any CPU.Build.0 = Release|Any CPU
	EndGlobalSection
	GlobalSection(SolutionProperties) = preSolution
		HideSolutionNode = FALSE
	EndGlobalSection
	GlobalSection(ExtensibilityGlobals) = postSolution
		SolutionGuid = {657E7740-4C90-4F47-8CE8-2E8B573C5F6F}
	EndGlobalSection
EndGlobal
